
Microsoft Visual Studio Solution File, Format Version 12.00
# Visual Studio Version 16
VisualStudioVersion = 16.0.31112.23
MinimumVisualStudioVersion = 10.0.40219.1
Project("{FAE04EC0-301F-11D3-BF4B-00C04F79EFBC}") = "FileManager", "FileManager\FileManager.csproj", "{F0537F2B-DE6F-47B0-902D-87D1F39C5D41}"
EndProject
Global
	GlobalSection(SolutionConfigurationPlatforms) = preSolution
		Debug|Any CPU = Debug|Any CPU
		Release|Any CPU = Release|Any CPU
	EndGlobalSection
	GlobalSection(ProjectConfigurationPlatforms) = postSolution
		{F0537F2B-DE6F-47B0-902D-87D1F39C5D41}.Debug|Any CPU.ActiveCfg = Debug|Any CPU
		{F0537F2B-DE6F-47B0-902D-87D1F39C5D41}.Debug|Any CPU.Build.0 = Debug|Any CPU
		{F0537F2B-DE6F-47B0-902D-87D1F39C5D41}.Release|Any CPU.ActiveCfg = Release|Any CPU
		{F0537F2B-DE6F-47B0-902D-87D1F39C5D41}.Release|Any CPU.Build.0 = Release|Any CPU
	EndGlobalSection
	GlobalSection(SolutionProperties) = preSolution
		HideSolutionNode = FALSE
	EndGlobalSection
	GlobalSection(ExtensibilityGlobals) = postSolution
		SolutionGuid = {11C88F8E-8EA6-4145-9EA4-E54397FCD0B7}
	EndGlobalSection
EndGlobal
